
Microsoft Visual Studio Solution File, Format Version 12.00
# Visual Studio Version 17
VisualStudioVersion = 17.13.36105.23 d17.13
MinimumVisualStudioVersion = 10.0.40219.1
Project("{FAE04EC0-301F-11D3-BF4B-00C04F79EFBC}") = "ContractAnalyser.API", "ContractAnalyser.API\ContractAnalyser.API.csproj", "{DF34AEBF-C5EA-450F-B61A-2F4102CC3554}"
EndProject
Global
	GlobalSection(SolutionConfigurationPlatforms) = preSolution
		Debug|Any CPU = Debug|Any CPU
		Release|Any CPU = Release|Any CPU
	EndGlobalSection
	GlobalSection(ProjectConfigurationPlatforms) = postSolution
		{DF34AEBF-C5EA-450F-B61A-2F4102CC3554}.Debug|Any CPU.ActiveCfg = Debug|Any CPU
		{DF34AEBF-C5EA-450F-B61A-2F4102CC3554}.Debug|Any CPU.Build.0 = Debug|Any CPU
		{DF34AEBF-C5EA-450F-B61A-2F4102CC3554}.Release|Any CPU.ActiveCfg = Release|Any CPU
		{DF34AEBF-C5EA-450F-B61A-2F4102CC3554}.Release|Any CPU.Build.0 = Release|Any CPU
	EndGlobalSection
	GlobalSection(SolutionProperties) = preSolution
		HideSolutionNode = FALSE
	EndGlobalSection
	GlobalSection(ExtensibilityGlobals) = postSolution
		SolutionGuid = {FA06BA99-17A4-4D4E-905D-BEB2EDC3E30C}
	EndGlobalSection
EndGlobal
